{
  "version": 4,
  "terraform_version": "1.5.2",
  "serial": 314,
  "lineage": "98d7dbc6-f1ca-77ed-51ae-d689bdc04686",
  "outputs": {},
  "resources": [
    {
      "module": "module.container-registry",
      "mode": "managed",
      "type": "yandex_container_registry",
      "name": "registry",
      "provider": "provider[\"registry.terraform.io/yandex-cloud/yandex\"]",
      "instances": [
        {
          "schema_version": 0,
          "attributes": {
            "created_at": "2023-08-02T17:42:20Z",
            "folder_id": "b1gvrj48aha91duiqpps",
            "id": "crp76md095o7gp0uu0tv",
            "labels": {},
            "name": "registry-production-ddbon",
            "status": "active",
            "timeouts": null
          },
          "sensitive_attributes": [],
          "private": "eyJlMmJmYjczMC1lY2FhLTExZTYtOGY4OC0zNDM2M2JjN2M0YzAiOnsiY3JlYXRlIjo5MDAwMDAwMDAwMDAsImRlbGV0ZSI6OTAwMDAwMDAwMDAwLCJ1cGRhdGUiOjkwMDAwMDAwMDAwMH19"
        }
      ]
    },
    {
      "module": "module.service-account-vm",
      "mode": "managed",
      "type": "yandex_iam_service_account",
      "name": "sa",
      "provider": "provider[\"registry.terraform.io/yandex-cloud/yandex\"]",
      "instances": [
        {
          "schema_version": 0,
          "attributes": {
            "created_at": "2023-08-02T17:42:20Z",
            "description": "service account for vm",
            "folder_id": "b1gvrj48aha91duiqpps",
            "id": "ajeuj10r96lt74kji4u4",
            "name": "vm-ddbon-sa",
            "timeouts": null
          },
          "sensitive_attributes": [],
          "private": "eyJlMmJmYjczMC1lY2FhLTExZTYtOGY4OC0zNDM2M2JjN2M0YzAiOnsiY3JlYXRlIjo2MDAwMDAwMDAwMCwiZGVsZXRlIjo2MDAwMDAwMDAwMCwidXBkYXRlIjo2MDAwMDAwMDAwMH19"
        }
      ]
    },
    {
      "module": "module.test-vm",
      "mode": "managed",
      "type": "yandex_compute_instance",
      "name": "vm",
      "provider": "provider[\"registry.terraform.io/yandex-cloud/yandex\"]",
      "instances": [
        {
          "schema_version": 1,
          "attributes": {
            "allow_stopping_for_update": true,
            "boot_disk": [
              {
                "auto_delete": true,
                "device_name": "test-vm-system",
                "disk_id": "fhm4tonvu5ktfrtc7oi1",
                "initialize_params": [
                  {
                    "description": "vpn vm boot disk",
                    "image_id": "fd8bkgba66kkf9eenpkb",
                    "name": "test-vm-system",
                    "size": 40,
                    "snapshot_id": "",
                    "type": "network-hdd"
                  }
                ],
                "mode": "READ_WRITE"
              }
            ],
            "created_at": "2023-08-03T16:55:32Z",
            "description": "",
            "folder_id": "b1gvrj48aha91duiqpps",
            "fqdn": "test.ru-central1.internal",
            "hostname": "test",
            "id": "fhmacjhnpsor3hjp16vl",
            "labels": null,
            "metadata": {
              "user-data": "#cloud-config\nusers:\n  - name: ubuntu\n    groups: sudo\n    shell: /bin/bash\n    sudo: ['ALL=(ALL) NOPASSWD:ALL']\n    ssh-authorized-keys:\n      - ssh-rsa AAAAB3NzaC1yc2EAAAADAQABAAACAQCjGMXkxXV8mV5tYg+q0Tns31DjIi6uEBWoKBRq3a8rpkpkuwA21WWpH5El0KKMH6FlgURATr8S2unEaB+KCfy700N95FFoZx4meGif7tHASgql5riqs3METb7SS6IoeTE2i1HIRMbFmNpksK/OZt79ejQT20oFQQyoA30KcmjJecpoS/CNZ133hYcGi2hJndY7LnYRGidVSm97/fAdft70hno259tO93U4avsdKM3igpxmOPwqJDNnSeCAQyZqD2FgB2uGDIKUMxKUCS2ZEsyfxfmiGZ2k/PjP8mEB+Mm8XH3etgNvIF6TqN5n5GdeseqMVrtO3vidv2YSzoDnoAb0TeXqkNEJwuW1a5z7navlXz1MXtIn7B6CEo37Rj7ubdBiRfJS2SXQucPAqce1RVyifxDQom02W//6J08IeH4Ui/Ggl0cTt1nY8GTzqgfsW2DeJz+byz0PPg3aph90BVD2qyY1DHM6BX9YzELV7KKEXVgDhJx6AwMpA75y8mWWp0JaXTNQpLKTehsd9LsZEIqiIoHJNlOOofY65CwpghcInf6iICzXD0Ddjb5n7pRVgOBqo6f2Ac4MadiFAW3RR7xSY3N0OS0t0SvP6Gs8NCW32fcqWCw81CbgtIClhzPL9/FOlvKFyj/zve0xKGpgOu9iCFJ5hT/6QEVZe/1ymgb64w==    "
            },
            "name": "test-vm",
            "network_acceleration_type": "standard",
            "network_interface": [
              {
                "dns_record": [],
                "index": 0,
                "ip_address": "10.3.0.6",
                "ipv4": true,
                "ipv6": false,
                "ipv6_address": "",
                "ipv6_dns_record": [],
                "mac_address": "d0:0d:a6:4e:37:cf",
                "nat": true,
                "nat_dns_record": [],
                "nat_ip_address": "158.160.37.21",
                "nat_ip_version": "IPV4",
                "security_group_ids": [],
                "subnet_id": "e9bghbdpgfo7lrvh4hgl"
              }
            ],
            "placement_policy": [
              {
                "placement_group_id": ""
              }
            ],
            "platform_id": "standard-v2",
            "resources": [
              {
                "core_fraction": 20,
                "cores": 2,
                "gpus": 0,
                "memory": 8
              }
            ],
            "scheduling_policy": [
              {
                "preemptible": false
              }
            ],
            "secondary_disk": [],
            "service_account_id": "",
            "status": "running",
            "timeouts": null,
            "zone": "ru-central1-a"
          },
          "sensitive_attributes": [],
          "private": "eyJlMmJmYjczMC1lY2FhLTExZTYtOGY4OC0zNDM2M2JjN2M0YzAiOnsiY3JlYXRlIjozMDAwMDAwMDAwMDAsImRlbGV0ZSI6MzAwMDAwMDAwMDAwLCJ1cGRhdGUiOjMwMDAwMDAwMDAwMH0sInNjaGVtYV92ZXJzaW9uIjoiMSJ9",
          "dependencies": [
            "module.vpc-subnetwork.yandex_vpc_subnet.subnet"
          ]
        }
      ]
    },
    {
      "module": "module.vpc-network",
      "mode": "managed",
      "type": "yandex_vpc_network",
      "name": "network",
      "provider": "provider[\"registry.terraform.io/yandex-cloud/yandex\"]",
      "instances": [
        {
          "schema_version": 0,
          "attributes": {
            "created_at": "2023-08-02T17:42:20Z",
            "default_security_group_id": "",
            "description": "",
            "folder_id": "b1gvrj48aha91duiqpps",
            "id": "enpi1civuhjinmj51mr1",
            "labels": {},
            "name": "ddbon-prod-network",
            "subnet_ids": [
              "e9bghbdpgfo7lrvh4hgl"
            ],
            "timeouts": null
          },
          "sensitive_attributes": [],
          "private": "eyJlMmJmYjczMC1lY2FhLTExZTYtOGY4OC0zNDM2M2JjN2M0YzAiOnsiY3JlYXRlIjo2MDAwMDAwMDAwMCwiZGVsZXRlIjo2MDAwMDAwMDAwMCwidXBkYXRlIjo2MDAwMDAwMDAwMH19"
        }
      ]
    },
    {
      "module": "module.vpc-subnetwork",
      "mode": "managed",
      "type": "yandex_vpc_subnet",
      "name": "subnet",
      "provider": "provider[\"registry.terraform.io/yandex-cloud/yandex\"]",
      "instances": [
        {
          "index_key": 0,
          "schema_version": 0,
          "attributes": {
            "created_at": "2023-08-02T17:42:21Z",
            "description": "",
            "dhcp_options": [],
            "folder_id": "b1gvrj48aha91duiqpps",
            "id": "e9bghbdpgfo7lrvh4hgl",
            "labels": {},
            "name": "ddbon-prod-sub-network",
            "network_id": "enpi1civuhjinmj51mr1",
            "route_table_id": "",
            "timeouts": null,
            "v4_cidr_blocks": [
              "10.3.0.0/24"
            ],
            "v6_cidr_blocks": [],
            "zone": "ru-central1-a"
          },
          "sensitive_attributes": [],
          "private": "eyJlMmJmYjczMC1lY2FhLTExZTYtOGY4OC0zNDM2M2JjN2M0YzAiOnsiY3JlYXRlIjoxODAwMDAwMDAwMDAsImRlbGV0ZSI6MTgwMDAwMDAwMDAwLCJ1cGRhdGUiOjE4MDAwMDAwMDAwMH19",
          "dependencies": [
            "module.vpc-network.yandex_vpc_network.network"
          ]
        }
      ]
    },
    {
      "module": "module.vpn-vm",
      "mode": "managed",
      "type": "yandex_compute_instance",
      "name": "vm",
      "provider": "provider[\"registry.terraform.io/yandex-cloud/yandex\"]",
      "instances": [
        {
          "schema_version": 1,
          "attributes": {
            "allow_stopping_for_update": true,
            "boot_disk": [
              {
                "auto_delete": true,
                "device_name": "vpn-vm-system",
                "disk_id": "fhmb5b8jkb061jdcl55l",
                "initialize_params": [
                  {
                    "description": "vpn vm boot disk",
                    "image_id": "fd89boblh6d5vruo39lm",
                    "name": "vpn-vm-system",
                    "size": 30,
                    "snapshot_id": "",
                    "type": "network-hdd"
                  }
                ],
                "mode": "READ_WRITE"
              }
            ],
            "created_at": "2023-08-02T17:42:28Z",
            "description": "",
            "folder_id": "b1gvrj48aha91duiqpps",
            "fqdn": "vpn.ru-central1.internal",
            "hostname": "vpn",
            "id": "fhmktm4c0t2406q1c7cr",
            "labels": {},
            "metadata": {
              "user-data": "#cloud-config\nusers:\n  - name: ubuntu\n    groups: sudo\n    shell: /bin/bash\n    sudo: ['ALL=(ALL) NOPASSWD:ALL']\n    ssh-authorized-keys:\n      - ssh-rsa AAAAB3NzaC1yc2EAAAADAQABAAACAQCjGMXkxXV8mV5tYg+q0Tns31DjIi6uEBWoKBRq3a8rpkpkuwA21WWpH5El0KKMH6FlgURATr8S2unEaB+KCfy700N95FFoZx4meGif7tHASgql5riqs3METb7SS6IoeTE2i1HIRMbFmNpksK/OZt79ejQT20oFQQyoA30KcmjJecpoS/CNZ133hYcGi2hJndY7LnYRGidVSm97/fAdft70hno259tO93U4avsdKM3igpxmOPwqJDNnSeCAQyZqD2FgB2uGDIKUMxKUCS2ZEsyfxfmiGZ2k/PjP8mEB+Mm8XH3etgNvIF6TqN5n5GdeseqMVrtO3vidv2YSzoDnoAb0TeXqkNEJwuW1a5z7navlXz1MXtIn7B6CEo37Rj7ubdBiRfJS2SXQucPAqce1RVyifxDQom02W//6J08IeH4Ui/Ggl0cTt1nY8GTzqgfsW2DeJz+byz0PPg3aph90BVD2qyY1DHM6BX9YzELV7KKEXVgDhJx6AwMpA75y8mWWp0JaXTNQpLKTehsd9LsZEIqiIoHJNlOOofY65CwpghcInf6iICzXD0Ddjb5n7pRVgOBqo6f2Ac4MadiFAW3RR7xSY3N0OS0t0SvP6Gs8NCW32fcqWCw81CbgtIClhzPL9/FOlvKFyj/zve0xKGpgOu9iCFJ5hT/6QEVZe/1ymgb64w==    "
            },
            "name": "vpn-vm",
            "network_acceleration_type": "standard",
            "network_interface": [
              {
                "dns_record": [],
                "index": 0,
                "ip_address": "10.3.0.5",
                "ipv4": true,
                "ipv6": false,
                "ipv6_address": "",
                "ipv6_dns_record": [],
                "mac_address": "d0:0d:14:ed:88:c0",
                "nat": true,
                "nat_dns_record": [],
                "nat_ip_address": "158.160.59.78",
                "nat_ip_version": "IPV4",
                "security_group_ids": [],
                "subnet_id": "e9bghbdpgfo7lrvh4hgl"
              }
            ],
            "placement_policy": [
              {
                "placement_group_id": ""
              }
            ],
            "platform_id": "standard-v2",
            "resources": [
              {
                "core_fraction": 5,
                "cores": 2,
                "gpus": 0,
                "memory": 0.5
              }
            ],
            "scheduling_policy": [
              {
                "preemptible": false
              }
            ],
            "secondary_disk": [],
            "service_account_id": "",
            "status": "running",
            "timeouts": null,
            "zone": "ru-central1-a"
          },
          "sensitive_attributes": [],
          "private": "eyJlMmJmYjczMC1lY2FhLTExZTYtOGY4OC0zNDM2M2JjN2M0YzAiOnsiY3JlYXRlIjozMDAwMDAwMDAwMDAsImRlbGV0ZSI6MzAwMDAwMDAwMDAwLCJ1cGRhdGUiOjMwMDAwMDAwMDAwMH0sInNjaGVtYV92ZXJzaW9uIjoiMSJ9",
          "dependencies": [
            "module.vpc-network.yandex_vpc_network.network",
            "module.vpc-subnetwork.yandex_vpc_subnet.subnet"
          ]
        }
      ]
    }
  ],
  "check_results": null
}
